
Microsoft Visual Studio Solution File, Format Version 12.00
# Visual Studio 14
VisualStudioVersion = 14.0.25420.1
MinimumVisualStudioVersion = 10.0.40219.1
Project("{2150E333-8FDC-42A3-9474-1A3956D46DE8}") = "04_DbHelper", "04_DbHelper", "{D2677D27-EBA6-49CA-9BED-003130A71A9D}"
EndProject
Project("{2150E333-8FDC-42A3-9474-1A3956D46DE8}") = "05_CommonList", "05_CommonList", "{A64CB38C-F6D6-4B59-A575-86BFD58B28BC}"
EndProject
Project("{2150E333-8FDC-42A3-9474-1A3956D46DE8}") = "03_Business", "03_Business", "{E807ED07-F78F-401C-A980-86F57D463416}"
EndProject
Project("{2150E333-8FDC-42A3-9474-1A3956D46DE8}") = "02_Modules", "02_Modules", "{D2018E55-7184-41FA-A9E8-837EDDFE9E9B}"
EndProject
Project("{2150E333-8FDC-42A3-9474-1A3956D46DE8}") = "06_Resource", "06_Resource", "{1C888D91-84DA-43C7-BE45-39C5E5F4ED35}"
EndProject
Project("{2150E333-8FDC-42A3-9474-1A3956D46DE8}") = "01_MES.Server.IDAL", "01_MES.Server.IDAL", "{45EB461B-3AC7-4EB5-B098-D8CF0AE92C95}"
EndProject
Project("{2150E333-8FDC-42A3-9474-1A3956D46DE8}") = "02_MES.Server.SQLDAL", "02_MES.Server.SQLDAL", "{0EC6A495-2069-4742-8617-0A9BE3056B5E}"
EndProject
Project("{2150E333-8FDC-42A3-9474-1A3956D46DE8}") = "03_MES.Server.Model", "03_MES.Server.Model", "{5084C3A9-CB79-4B96-A818-F65D0FE9E5D8}"
EndProject
Project("{FAE04EC0-301F-11D3-BF4B-00C04F79EFBC}") = "MES.Common", "MES.CommonList\MES.Common\MES.Common.csproj", "{EA6527E2-DE0C-4424-A82C-D39EC06C857D}"
EndProject
Project("{FAE04EC0-301F-11D3-BF4B-00C04F79EFBC}") = "MES.Server.DBUtility", "Mes.Server\Common\MES.Server.DBUtility\MES.Server.DBUtility.csproj", "{7D667D0E-14DB-479B-8C02-978BE470E9D5}"
EndProject
Project("{FAE04EC0-301F-11D3-BF4B-00C04F79EFBC}") = "MES.Server.DALFactory", "Mes.Server\IDAL\DALFactory\MES.Server.DALFactory.csproj", "{FD390A2A-D2C1-4819-93D5-75DC39E405CE}"
EndProject
Project("{FAE04EC0-301F-11D3-BF4B-00C04F79EFBC}") = "MES.Server.IDAL.BPM", "Mes.Server\IDAL\MES.Server.IDAL.BPM\MES.Server.IDAL.BPM.csproj", "{47ACB66F-9134-46B3-BE89-3844677F61DB}"
EndProject
Project("{FAE04EC0-301F-11D3-BF4B-00C04F79EFBC}") = "MES.Server.IDAL.HR", "Mes.Server\IDAL\MES.Server.IDAL.HR\MES.Server.IDAL.HR.csproj", "{B668AF24-43CB-4932-9ED6-9F14ED69776F}"
EndProject
Project("{FAE04EC0-301F-11D3-BF4B-00C04F79EFBC}") = "MES.Server.Model.HR", "Mes.Server\Model\MES.Sever.Model.HR\MES.Server.Model.HR.csproj", "{CD0F4EDC-C0EC-4AA1-87E2-2281846DD352}"
EndProject
Project("{FAE04EC0-301F-11D3-BF4B-00C04F79EFBC}") = "MES.Server.Model.BPM", "Mes.Server\Model\MES.Sever.Model.BPM\MES.Server.Model.BPM.csproj", "{D8D90306-F5E9-4910-996A-D7F2246BFFA1}"
EndProject
Project("{FAE04EC0-301F-11D3-BF4B-00C04F79EFBC}") = "MES.Server.SQLDAL.HR", "Mes.Server\SQLDAL\MES.Sever.SQLDAL.HR\MES.Server.SQLDAL.HR.csproj", "{3A4F9589-BB00-428B-84EA-647B07087B71}"
EndProject
Project("{FAE04EC0-301F-11D3-BF4B-00C04F79EFBC}") = "MES.Server.SQLDAL.BPM", "Mes.Server\SQLDAL\MES.Sever.SQLDAL.BPM\MES.Server.SQLDAL.BPM.csproj", "{93C643A5-239A-4876-B6DC-C47374C359AD}"
EndProject
Project("{FAE04EC0-301F-11D3-BF4B-00C04F79EFBC}") = "MES.Server.BLL.HR", "Mes.Server\BLL\MES.Sever.BLL.HR\MES.Server.BLL.HR.csproj", "{0E150E8F-B32F-4B20-8C9F-5F4EFD0C1366}"
EndProject
Project("{FAE04EC0-301F-11D3-BF4B-00C04F79EFBC}") = "MES.Resource.Image", "MES.Resource\MES.Resource.Image\MES.Resource.Image.csproj", "{4125DC4E-F0C2-4993-A6A9-3ADCB36C7223}"
EndProject
Project("{FAE04EC0-301F-11D3-BF4B-00C04F79EFBC}") = "MES.Server.BLL.BPM", "Mes.Server\BLL\MES.Sever.BLL.BPM\MES.Server.BLL.BPM.csproj", "{7BC47645-34F6-4C6B-8528-D114ED57ED8D}"
EndProject
Project("{FAE04EC0-301F-11D3-BF4B-00C04F79EFBC}") = "MES.Desktop", "MES.Desktop\MES.Desktop.csproj", "{A6A5944F-AA89-446B-813A-5C4AFA8136B9}"
EndProject
Project("{FAE04EC0-301F-11D3-BF4B-00C04F79EFBC}") = "MES.ModuleBPM", "MES.Modules\MES.ModuleBPM\MES.ModuleBPM.csproj", "{A9421E49-96CA-4F2C-B712-BB8890F41208}"
EndProject
Project("{FAE04EC0-301F-11D3-BF4B-00C04F79EFBC}") = "MES.ModuleHR", "MES.Modules\MES.ModuleHR\MES.ModuleHR.csproj", "{3757559E-02F0-4244-A207-5B963FBD5E16}"
EndProject
Project("{FAE04EC0-301F-11D3-BF4B-00C04F79EFBC}") = "MES.Resource.Style", "MES.Resource\MES.Resource.Style\MES.Resource.Style.csproj", "{26C68575-4E78-4467-9C32-874B1BDB368C}"
EndProject
Project("{FAE04EC0-301F-11D3-BF4B-00C04F79EFBC}") = "MES.Server.BLL.SYS", "Mes.Server\BLL\MES.Server.Bll.SYS\MES.Server.BLL.SYS.csproj", "{C1D56EA7-49B9-499B-A498-D63830CD98CE}"
EndProject
Project("{FAE04EC0-301F-11D3-BF4B-00C04F79EFBC}") = "MES.Server.IDAL.SYS", "Mes.Server\IDAL\MES.Server.IDAL.SYS\MES.Server.IDAL.SYS.csproj", "{28A0B585-08F7-4891-A267-C05A8E9DB722}"
EndProject
Project("{FAE04EC0-301F-11D3-BF4B-00C04F79EFBC}") = "MES.Server.Model.SYS", "Mes.Server\Model\MES.Server.Model.SYS\MES.Server.Model.SYS.csproj", "{D4195ED0-9ED8-4A78-B5C9-DBE9E94132F5}"
EndProject
Project("{FAE04EC0-301F-11D3-BF4B-00C04F79EFBC}") = "MES.Server.SQLDAL.SYS", "Mes.Server\SQLDAL\MES.Server.SQLDAL.SYS\MES.Server.SQLDAL.SYS.csproj", "{46FDDE79-CC90-4F7E-B37D-673C5405428A}"
EndProject
Project("{FAE04EC0-301F-11D3-BF4B-00C04F79EFBC}") = "MES.Resource.Colour", "MES.Resource\MES.Resource.Colour\MES.Resource.Colour.csproj", "{581410AD-F8BE-4AF5-A4C8-179C724BEB24}"
EndProject
Project("{FAE04EC0-301F-11D3-BF4B-00C04F79EFBC}") = "MES.Com.MyUserControl", "MES.CommonList\MES.Com.MyUserControl\MES.Com.MyUserControl.csproj", "{A889D733-930C-4E94-B9C2-EC587D1A08FD}"
EndProject
Project("{2150E333-8FDC-42A3-9474-1A3956D46DE8}") = "01_Desktop", "01_Desktop", "{FAA56F04-385A-4F2A-ABE7-74F2F03E48CF}"
EndProject
Project("{FAE04EC0-301F-11D3-BF4B-00C04F79EFBC}") = "MES.Business", "MES.Business\MES.Business\MES.Business.csproj", "{86975D89-8AA9-4F86-B785-CBECE9B8D8A5}"
EndProject
Project("{FAE04EC0-301F-11D3-BF4B-00C04F79EFBC}") = "ZhuifengLib", "ZhuifengLib\ZhuifengLib\ZhuifengLib.csproj", "{AC67BE14-18DF-411D-8648-584814F9BC5B}"
EndProject
Project("{FAE04EC0-301F-11D3-BF4B-00C04F79EFBC}") = "Lm.App.Eic.Mes.EF", "Lm.App.Eic.Mes.EF\Lm.App.Eic.Mes.EF.csproj", "{87E2E64D-271D-4273-ADF4-6D72E5A2FDAC}"
EndProject
Global
	GlobalSection(SolutionConfigurationPlatforms) = preSolution
		Debug|Any CPU = Debug|Any CPU
		Debug|ARM = Debug|ARM
		Debug|x64 = Debug|x64
		Debug|x86 = Debug|x86
		Release|Any CPU = Release|Any CPU
		Release|ARM = Release|ARM
		Release|x64 = Release|x64
		Release|x86 = Release|x86
	EndGlobalSection
	GlobalSection(ProjectConfigurationPlatforms) = postSolution
		{EA6527E2-DE0C-4424-A82C-D39EC06C857D}.Debug|Any CPU.ActiveCfg = Debug|Any CPU
		{EA6527E2-DE0C-4424-A82C-D39EC06C857D}.Debug|Any CPU.Build.0 = Debug|Any CPU
		{EA6527E2-DE0C-4424-A82C-D39EC06C857D}.Debug|ARM.ActiveCfg = Debug|Any CPU
		{EA6527E2-DE0C-4424-A82C-D39EC06C857D}.Debug|ARM.Build.0 = Debug|Any CPU
		{EA6527E2-DE0C-4424-A82C-D39EC06C857D}.Debug|x64.ActiveCfg = Debug|Any CPU
		{EA6527E2-DE0C-4424-A82C-D39EC06C857D}.Debug|x64.Build.0 = Debug|Any CPU
		{EA6527E2-DE0C-4424-A82C-D39EC06C857D}.Debug|x86.ActiveCfg = Debug|Any CPU
		{EA6527E2-DE0C-4424-A82C-D39EC06C857D}.Debug|x86.Build.0 = Debug|Any CPU
		{EA6527E2-DE0C-4424-A82C-D39EC06C857D}.Release|Any CPU.ActiveCfg = Release|Any CPU
		{EA6527E2-DE0C-4424-A82C-D39EC06C857D}.Release|Any CPU.Build.0 = Release|Any CPU
		{EA6527E2-DE0C-4424-A82C-D39EC06C857D}.Release|ARM.ActiveCfg = Release|Any CPU
		{EA6527E2-DE0C-4424-A82C-D39EC06C857D}.Release|ARM.Build.0 = Release|Any CPU
		{EA6527E2-DE0C-4424-A82C-D39EC06C857D}.Release|x64.ActiveCfg = Release|Any CPU
		{EA6527E2-DE0C-4424-A82C-D39EC06C857D}.Release|x64.Build.0 = Release|Any CPU
		{EA6527E2-DE0C-4424-A82C-D39EC06C857D}.Release|x86.ActiveCfg = Release|Any CPU
		{EA6527E2-DE0C-4424-A82C-D39EC06C857D}.Release|x86.Build.0 = Release|Any CPU
		{7D667D0E-14DB-479B-8C02-978BE470E9D5}.Debug|Any CPU.ActiveCfg = Debug|Any CPU
		{7D667D0E-14DB-479B-8C02-978BE470E9D5}.Debug|Any CPU.Build.0 = Debug|Any CPU
		{7D667D0E-14DB-479B-8C02-978BE470E9D5}.Debug|ARM.ActiveCfg = Debug|Any CPU
		{7D667D0E-14DB-479B-8C02-978BE470E9D5}.Debug|ARM.Build.0 = Debug|Any CPU
		{7D667D0E-14DB-479B-8C02-978BE470E9D5}.Debug|x64.ActiveCfg = Debug|Any CPU
		{7D667D0E-14DB-479B-8C02-978BE470E9D5}.Debug|x64.Build.0 = Debug|Any CPU
		{7D667D0E-14DB-479B-8C02-978BE470E9D5}.Debug|x86.ActiveCfg = Debug|Any CPU
		{7D667D0E-14DB-479B-8C02-978BE470E9D5}.Debug|x86.Build.0 = Debug|Any CPU
		{7D667D0E-14DB-479B-8C02-978BE470E9D5}.Release|Any CPU.ActiveCfg = Release|Any CPU
		{7D667D0E-14DB-479B-8C02-978BE470E9D5}.Release|Any CPU.Build.0 = Release|Any CPU
		{7D667D0E-14DB-479B-8C02-978BE470E9D5}.Release|ARM.ActiveCfg = Release|Any CPU
		{7D667D0E-14DB-479B-8C02-978BE470E9D5}.Release|ARM.Build.0 = Release|Any CPU
		{7D667D0E-14DB-479B-8C02-978BE470E9D5}.Release|x64.ActiveCfg = Release|Any CPU
		{7D667D0E-14DB-479B-8C02-978BE470E9D5}.Release|x64.Build.0 = Release|Any CPU
		{7D667D0E-14DB-479B-8C02-978BE470E9D5}.Release|x86.ActiveCfg = Release|Any CPU
		{7D667D0E-14DB-479B-8C02-978BE470E9D5}.Release|x86.Build.0 = Release|Any CPU
		{FD390A2A-D2C1-4819-93D5-75DC39E405CE}.Debug|Any CPU.ActiveCfg = Debug|Any CPU
		{FD390A2A-D2C1-4819-93D5-75DC39E405CE}.Debug|Any CPU.Build.0 = Debug|Any CPU
		{FD390A2A-D2C1-4819-93D5-75DC39E405CE}.Debug|ARM.ActiveCfg = Debug|Any CPU
		{FD390A2A-D2C1-4819-93D5-75DC39E405CE}.Debug|ARM.Build.0 = Debug|Any CPU
		{FD390A2A-D2C1-4819-93D5-75DC39E405CE}.Debug|x64.ActiveCfg = Debug|Any CPU
		{FD390A2A-D2C1-4819-93D5-75DC39E405CE}.Debug|x64.Build.0 = Debug|Any CPU
		{FD390A2A-D2C1-4819-93D5-75DC39E405CE}.Debug|x86.ActiveCfg = Debug|Any CPU
		{FD390A2A-D2C1-4819-93D5-75DC39E405CE}.Debug|x86.Build.0 = Debug|Any CPU
		{FD390A2A-D2C1-4819-93D5-75DC39E405CE}.Release|Any CPU.ActiveCfg = Release|Any CPU
		{FD390A2A-D2C1-4819-93D5-75DC39E405CE}.Release|Any CPU.Build.0 = Release|Any CPU
		{FD390A2A-D2C1-4819-93D5-75DC39E405CE}.Release|ARM.ActiveCfg = Release|Any CPU
		{FD390A2A-D2C1-4819-93D5-75DC39E405CE}.Release|ARM.Build.0 = Release|Any CPU
		{FD390A2A-D2C1-4819-93D5-75DC39E405CE}.Release|x64.ActiveCfg = Release|Any CPU
		{FD390A2A-D2C1-4819-93D5-75DC39E405CE}.Release|x64.Build.0 = Release|Any CPU
		{FD390A2A-D2C1-4819-93D5-75DC39E405CE}.Release|x86.ActiveCfg = Release|Any CPU
		{FD390A2A-D2C1-4819-93D5-75DC39E405CE}.Release|x86.Build.0 = Release|Any CPU
		{47ACB66F-9134-46B3-BE89-3844677F61DB}.Debug|Any CPU.ActiveCfg = Debug|Any CPU
		{47ACB66F-9134-46B3-BE89-3844677F61DB}.Debug|Any CPU.Build.0 = Debug|Any CPU
		{47ACB66F-9134-46B3-BE89-3844677F61DB}.Debug|ARM.ActiveCfg = Debug|Any CPU
		{47ACB66F-9134-46B3-BE89-3844677F61DB}.Debug|ARM.Build.0 = Debug|Any CPU
		{47ACB66F-9134-46B3-BE89-3844677F61DB}.Debug|x64.ActiveCfg = Debug|Any CPU
		{47ACB66F-9134-46B3-BE89-3844677F61DB}.Debug|x64.Build.0 = Debug|Any CPU
		{47ACB66F-9134-46B3-BE89-3844677F61DB}.Debug|x86.ActiveCfg = Debug|Any CPU
		{47ACB66F-9134-46B3-BE89-3844677F61DB}.Debug|x86.Build.0 = Debug|Any CPU
		{47ACB66F-9134-46B3-BE89-3844677F61DB}.Release|Any CPU.ActiveCfg = Release|Any CPU
		{47ACB66F-9134-46B3-BE89-3844677F61DB}.Release|Any CPU.Build.0 = Release|Any CPU
		{47ACB66F-9134-46B3-BE89-3844677F61DB}.Release|ARM.ActiveCfg = Release|Any CPU
		{47ACB66F-9134-46B3-BE89-3844677F61DB}.Release|ARM.Build.0 = Release|Any CPU
		{47ACB66F-9134-46B3-BE89-3844677F61DB}.Release|x64.ActiveCfg = Release|Any CPU
		{47ACB66F-9134-46B3-BE89-3844677F61DB}.Release|x64.Build.0 = Release|Any CPU
		{47ACB66F-9134-46B3-BE89-3844677F61DB}.Release|x86.ActiveCfg = Release|Any CPU
		{47ACB66F-9134-46B3-BE89-3844677F61DB}.Release|x86.Build.0 = Release|Any CPU
		{B668AF24-43CB-4932-9ED6-9F14ED69776F}.Debug|Any CPU.ActiveCfg = Debug|Any CPU
		{B668AF24-43CB-4932-9ED6-9F14ED69776F}.Debug|Any CPU.Build.0 = Debug|Any CPU
		{B668AF24-43CB-4932-9ED6-9F14ED69776F}.Debug|ARM.ActiveCfg = Debug|Any CPU
		{B668AF24-43CB-4932-9ED6-9F14ED69776F}.Debug|ARM.Build.0 = Debug|Any CPU
		{B668AF24-43CB-4932-9ED6-9F14ED69776F}.Debug|x64.ActiveCfg = Debug|Any CPU
		{B668AF24-43CB-4932-9ED6-9F14ED69776F}.Debug|x64.Build.0 = Debug|Any CPU
		{B668AF24-43CB-4932-9ED6-9F14ED69776F}.Debug|x86.ActiveCfg = Debug|Any CPU
		{B668AF24-43CB-4932-9ED6-9F14ED69776F}.Debug|x86.Build.0 = Debug|Any CPU
		{B668AF24-43CB-4932-9ED6-9F14ED69776F}.Release|Any CPU.ActiveCfg = Release|Any CPU
		{B668AF24-43CB-4932-9ED6-9F14ED69776F}.Release|Any CPU.Build.0 = Release|Any CPU
		{B668AF24-43CB-4932-9ED6-9F14ED69776F}.Release|ARM.ActiveCfg = Release|Any CPU
		{B668AF24-43CB-4932-9ED6-9F14ED69776F}.Release|ARM.Build.0 = Release|Any CPU
		{B668AF24-43CB-4932-9ED6-9F14ED69776F}.Release|x64.ActiveCfg = Release|Any CPU
		{B668AF24-43CB-4932-9ED6-9F14ED69776F}.Release|x64.Build.0 = Release|Any CPU
		{B668AF24-43CB-4932-9ED6-9F14ED69776F}.Release|x86.ActiveCfg = Release|Any CPU
		{B668AF24-43CB-4932-9ED6-9F14ED69776F}.Release|x86.Build.0 = Release|Any CPU
		{CD0F4EDC-C0EC-4AA1-87E2-2281846DD352}.Debug|Any CPU.ActiveCfg = Debug|Any CPU
		{CD0F4EDC-C0EC-4AA1-87E2-2281846DD352}.Debug|Any CPU.Build.0 = Debug|Any CPU
		{CD0F4EDC-C0EC-4AA1-87E2-2281846DD352}.Debug|ARM.ActiveCfg = Debug|Any CPU
		{CD0F4EDC-C0EC-4AA1-87E2-2281846DD352}.Debug|ARM.Build.0 = Debug|Any CPU
		{CD0F4EDC-C0EC-4AA1-87E2-2281846DD352}.Debug|x64.ActiveCfg = Debug|Any CPU
		{CD0F4EDC-C0EC-4AA1-87E2-2281846DD352}.Debug|x64.Build.0 = Debug|Any CPU
		{CD0F4EDC-C0EC-4AA1-87E2-2281846DD352}.Debug|x86.ActiveCfg = Debug|Any CPU
		{CD0F4EDC-C0EC-4AA1-87E2-2281846DD352}.Debug|x86.Build.0 = Debug|Any CPU
		{CD0F4EDC-C0EC-4AA1-87E2-2281846DD352}.Release|Any CPU.ActiveCfg = Release|Any CPU
		{CD0F4EDC-C0EC-4AA1-87E2-2281846DD352}.Release|Any CPU.Build.0 = Release|Any CPU
		{CD0F4EDC-C0EC-4AA1-87E2-2281846DD352}.Release|ARM.ActiveCfg = Release|Any CPU
		{CD0F4EDC-C0EC-4AA1-87E2-2281846DD352}.Release|ARM.Build.0 = Release|Any CPU
		{CD0F4EDC-C0EC-4AA1-87E2-2281846DD352}.Release|x64.ActiveCfg = Release|Any CPU
		{CD0F4EDC-C0EC-4AA1-87E2-2281846DD352}.Release|x64.Build.0 = Release|Any CPU
		{CD0F4EDC-C0EC-4AA1-87E2-2281846DD352}.Release|x86.ActiveCfg = Release|Any CPU
		{CD0F4EDC-C0EC-4AA1-87E2-2281846DD352}.Release|x86.Build.0 = Release|Any CPU
		{D8D90306-F5E9-4910-996A-D7F2246BFFA1}.Debug|Any CPU.ActiveCfg = Debug|Any CPU
		{D8D90306-F5E9-4910-996A-D7F2246BFFA1}.Debug|Any CPU.Build.0 = Debug|Any CPU
		{D8D90306-F5E9-4910-996A-D7F2246BFFA1}.Debug|ARM.ActiveCfg = Debug|Any CPU
		{D8D90306-F5E9-4910-996A-D7F2246BFFA1}.Debug|ARM.Build.0 = Debug|Any CPU
		{D8D90306-F5E9-4910-996A-D7F2246BFFA1}.Debug|x64.ActiveCfg = Debug|Any CPU
		{D8D90306-F5E9-4910-996A-D7F2246BFFA1}.Debug|x64.Build.0 = Debug|Any CPU
		{D8D90306-F5E9-4910-996A-D7F2246BFFA1}.Debug|x86.ActiveCfg = Debug|Any CPU
		{D8D90306-F5E9-4910-996A-D7F2246BFFA1}.Debug|x86.Build.0 = Debug|Any CPU
		{D8D90306-F5E9-4910-996A-D7F2246BFFA1}.Release|Any CPU.ActiveCfg = Release|Any CPU
		{D8D90306-F5E9-4910-996A-D7F2246BFFA1}.Release|Any CPU.Build.0 = Release|Any CPU
		{D8D90306-F5E9-4910-996A-D7F2246BFFA1}.Release|ARM.ActiveCfg = Release|Any CPU
		{D8D90306-F5E9-4910-996A-D7F2246BFFA1}.Release|ARM.Build.0 = Release|Any CPU
		{D8D90306-F5E9-4910-996A-D7F2246BFFA1}.Release|x64.ActiveCfg = Release|Any CPU
		{D8D90306-F5E9-4910-996A-D7F2246BFFA1}.Release|x64.Build.0 = Release|Any CPU
		{D8D90306-F5E9-4910-996A-D7F2246BFFA1}.Release|x86.ActiveCfg = Release|Any CPU
		{D8D90306-F5E9-4910-996A-D7F2246BFFA1}.Release|x86.Build.0 = Release|Any CPU
		{3A4F9589-BB00-428B-84EA-647B07087B71}.Debug|Any CPU.ActiveCfg = Debug|Any CPU
		{3A4F9589-BB00-428B-84EA-647B07087B71}.Debug|Any CPU.Build.0 = Debug|Any CPU
		{3A4F9589-BB00-428B-84EA-647B07087B71}.Debug|ARM.ActiveCfg = Debug|Any CPU
		{3A4F9589-BB00-428B-84EA-647B07087B71}.Debug|ARM.Build.0 = Debug|Any CPU
		{3A4F9589-BB00-428B-84EA-647B07087B71}.Debug|x64.ActiveCfg = Debug|Any CPU
		{3A4F9589-BB00-428B-84EA-647B07087B71}.Debug|x64.Build.0 = Debug|Any CPU
		{3A4F9589-BB00-428B-84EA-647B07087B71}.Debug|x86.ActiveCfg = Debug|Any CPU
		{3A4F9589-BB00-428B-84EA-647B07087B71}.Debug|x86.Build.0 = Debug|Any CPU
		{3A4F9589-BB00-428B-84EA-647B07087B71}.Release|Any CPU.ActiveCfg = Release|Any CPU
		{3A4F9589-BB00-428B-84EA-647B07087B71}.Release|Any CPU.Build.0 = Release|Any CPU
		{3A4F9589-BB00-428B-84EA-647B07087B71}.Release|ARM.ActiveCfg = Release|Any CPU
		{3A4F9589-BB00-428B-84EA-647B07087B71}.Release|ARM.Build.0 = Release|Any CPU
		{3A4F9589-BB00-428B-84EA-647B07087B71}.Release|x64.ActiveCfg = Release|Any CPU
		{3A4F9589-BB00-428B-84EA-647B07087B71}.Release|x64.Build.0 = Release|Any CPU
		{3A4F9589-BB00-428B-84EA-647B07087B71}.Release|x86.ActiveCfg = Release|Any CPU
		{3A4F9589-BB00-428B-84EA-647B07087B71}.Release|x86.Build.0 = Release|Any CPU
		{93C643A5-239A-4876-B6DC-C47374C359AD}.Debug|Any CPU.ActiveCfg = Debug|Any CPU
		{93C643A5-239A-4876-B6DC-C47374C359AD}.Debug|Any CPU.Build.0 = Debug|Any CPU
		{93C643A5-239A-4876-B6DC-C47374C359AD}.Debug|ARM.ActiveCfg = Debug|Any CPU
		{93C643A5-239A-4876-B6DC-C47374C359AD}.Debug|ARM.Build.0 = Debug|Any CPU
		{93C643A5-239A-4876-B6DC-C47374C359AD}.Debug|x64.ActiveCfg = Debug|Any CPU
		{93C643A5-239A-4876-B6DC-C47374C359AD}.Debug|x64.Build.0 = Debug|Any CPU
		{93C643A5-239A-4876-B6DC-C47374C359AD}.Debug|x86.ActiveCfg = Debug|Any CPU
		{93C643A5-239A-4876-B6DC-C47374C359AD}.Debug|x86.Build.0 = Debug|Any CPU
		{93C643A5-239A-4876-B6DC-C47374C359AD}.Release|Any CPU.ActiveCfg = Release|Any CPU
		{93C643A5-239A-4876-B6DC-C47374C359AD}.Release|Any CPU.Build.0 = Release|Any CPU
		{93C643A5-239A-4876-B6DC-C47374C359AD}.Release|ARM.ActiveCfg = Release|Any CPU
		{93C643A5-239A-4876-B6DC-C47374C359AD}.Release|ARM.Build.0 = Release|Any CPU
		{93C643A5-239A-4876-B6DC-C47374C359AD}.Release|x64.ActiveCfg = Release|Any CPU
		{93C643A5-239A-4876-B6DC-C47374C359AD}.Release|x64.Build.0 = Release|Any CPU
		{93C643A5-239A-4876-B6DC-C47374C359AD}.Release|x86.ActiveCfg = Release|Any CPU
		{93C643A5-239A-4876-B6DC-C47374C359AD}.Release|x86.Build.0 = Release|Any CPU
		{0E150E8F-B32F-4B20-8C9F-5F4EFD0C1366}.Debug|Any CPU.ActiveCfg = Debug|Any CPU
		{0E150E8F-B32F-4B20-8C9F-5F4EFD0C1366}.Debug|Any CPU.Build.0 = Debug|Any CPU
		{0E150E8F-B32F-4B20-8C9F-5F4EFD0C1366}.Debug|ARM.ActiveCfg = Debug|Any CPU
		{0E150E8F-B32F-4B20-8C9F-5F4EFD0C1366}.Debug|ARM.Build.0 = Debug|Any CPU
		{0E150E8F-B32F-4B20-8C9F-5F4EFD0C1366}.Debug|x64.ActiveCfg = Debug|Any CPU
		{0E150E8F-B32F-4B20-8C9F-5F4EFD0C1366}.Debug|x64.Build.0 = Debug|Any CPU
		{0E150E8F-B32F-4B20-8C9F-5F4EFD0C1366}.Debug|x86.ActiveCfg = Debug|Any CPU
		{0E150E8F-B32F-4B20-8C9F-5F4EFD0C1366}.Debug|x86.Build.0 = Debug|Any CPU
		{0E150E8F-B32F-4B20-8C9F-5F4EFD0C1366}.Release|Any CPU.ActiveCfg = Release|Any CPU
		{0E150E8F-B32F-4B20-8C9F-5F4EFD0C1366}.Release|Any CPU.Build.0 = Release|Any CPU
		{0E150E8F-B32F-4B20-8C9F-5F4EFD0C1366}.Release|ARM.ActiveCfg = Release|Any CPU
		{0E150E8F-B32F-4B20-8C9F-5F4EFD0C1366}.Release|ARM.Build.0 = Release|Any CPU
		{0E150E8F-B32F-4B20-8C9F-5F4EFD0C1366}.Release|x64.ActiveCfg = Release|Any CPU
		{0E150E8F-B32F-4B20-8C9F-5F4EFD0C1366}.Release|x64.Build.0 = Release|Any CPU
		{0E150E8F-B32F-4B20-8C9F-5F4EFD0C1366}.Release|x86.ActiveCfg = Release|Any CPU
		{0E150E8F-B32F-4B20-8C9F-5F4EFD0C1366}.Release|x86.Build.0 = Release|Any CPU
		{4125DC4E-F0C2-4993-A6A9-3ADCB36C7223}.Debug|Any CPU.ActiveCfg = Debug|Any CPU
		{4125DC4E-F0C2-4993-A6A9-3ADCB36C7223}.Debug|Any CPU.Build.0 = Debug|Any CPU
		{4125DC4E-F0C2-4993-A6A9-3ADCB36C7223}.Debug|ARM.ActiveCfg = Debug|Any CPU
		{4125DC4E-F0C2-4993-A6A9-3ADCB36C7223}.Debug|ARM.Build.0 = Debug|Any CPU
		{4125DC4E-F0C2-4993-A6A9-3ADCB36C7223}.Debug|x64.ActiveCfg = Debug|Any CPU
		{4125DC4E-F0C2-4993-A6A9-3ADCB36C7223}.Debug|x64.Build.0 = Debug|Any CPU
		{4125DC4E-F0C2-4993-A6A9-3ADCB36C7223}.Debug|x86.ActiveCfg = Debug|Any CPU
		{4125DC4E-F0C2-4993-A6A9-3ADCB36C7223}.Debug|x86.Build.0 = Debug|Any CPU
		{4125DC4E-F0C2-4993-A6A9-3ADCB36C7223}.Release|Any CPU.ActiveCfg = Release|Any CPU
		{4125DC4E-F0C2-4993-A6A9-3ADCB36C7223}.Release|Any CPU.Build.0 = Release|Any CPU
		{4125DC4E-F0C2-4993-A6A9-3ADCB36C7223}.Release|ARM.ActiveCfg = Release|Any CPU
		{4125DC4E-F0C2-4993-A6A9-3ADCB36C7223}.Release|ARM.Build.0 = Release|Any CPU
		{4125DC4E-F0C2-4993-A6A9-3ADCB36C7223}.Release|x64.ActiveCfg = Release|Any CPU
		{4125DC4E-F0C2-4993-A6A9-3ADCB36C7223}.Release|x64.Build.0 = Release|Any CPU
		{4125DC4E-F0C2-4993-A6A9-3ADCB36C7223}.Release|x86.ActiveCfg = Release|Any CPU
		{4125DC4E-F0C2-4993-A6A9-3ADCB36C7223}.Release|x86.Build.0 = Release|Any CPU
		{7BC47645-34F6-4C6B-8528-D114ED57ED8D}.Debug|Any CPU.ActiveCfg = Debug|Any CPU
		{7BC47645-34F6-4C6B-8528-D114ED57ED8D}.Debug|Any CPU.Build.0 = Debug|Any CPU
		{7BC47645-34F6-4C6B-8528-D114ED57ED8D}.Debug|ARM.ActiveCfg = Debug|Any CPU
		{7BC47645-34F6-4C6B-8528-D114ED57ED8D}.Debug|ARM.Build.0 = Debug|Any CPU
		{7BC47645-34F6-4C6B-8528-D114ED57ED8D}.Debug|x64.ActiveCfg = Debug|Any CPU
		{7BC47645-34F6-4C6B-8528-D114ED57ED8D}.Debug|x64.Build.0 = Debug|Any CPU
		{7BC47645-34F6-4C6B-8528-D114ED57ED8D}.Debug|x86.ActiveCfg = Debug|Any CPU
		{7BC47645-34F6-4C6B-8528-D114ED57ED8D}.Debug|x86.Build.0 = Debug|Any CPU
		{7BC47645-34F6-4C6B-8528-D114ED57ED8D}.Release|Any CPU.ActiveCfg = Release|Any CPU
		{7BC47645-34F6-4C6B-8528-D114ED57ED8D}.Release|Any CPU.Build.0 = Release|Any CPU
		{7BC47645-34F6-4C6B-8528-D114ED57ED8D}.Release|ARM.ActiveCfg = Release|Any CPU
		{7BC47645-34F6-4C6B-8528-D114ED57ED8D}.Release|ARM.Build.0 = Release|Any CPU
		{7BC47645-34F6-4C6B-8528-D114ED57ED8D}.Release|x64.ActiveCfg = Release|Any CPU
		{7BC47645-34F6-4C6B-8528-D114ED57ED8D}.Release|x64.Build.0 = Release|Any CPU
		{7BC47645-34F6-4C6B-8528-D114ED57ED8D}.Release|x86.ActiveCfg = Release|Any CPU
		{7BC47645-34F6-4C6B-8528-D114ED57ED8D}.Release|x86.Build.0 = Release|Any CPU
		{A6A5944F-AA89-446B-813A-5C4AFA8136B9}.Debug|Any CPU.ActiveCfg = Debug|Any CPU
		{A6A5944F-AA89-446B-813A-5C4AFA8136B9}.Debug|Any CPU.Build.0 = Debug|Any CPU
		{A6A5944F-AA89-446B-813A-5C4AFA8136B9}.Debug|ARM.ActiveCfg = Debug|Any CPU
		{A6A5944F-AA89-446B-813A-5C4AFA8136B9}.Debug|ARM.Build.0 = Debug|Any CPU
		{A6A5944F-AA89-446B-813A-5C4AFA8136B9}.Debug|x64.ActiveCfg = Debug|Any CPU
		{A6A5944F-AA89-446B-813A-5C4AFA8136B9}.Debug|x64.Build.0 = Debug|Any CPU
		{A6A5944F-AA89-446B-813A-5C4AFA8136B9}.Debug|x86.ActiveCfg = Debug|Any CPU
		{A6A5944F-AA89-446B-813A-5C4AFA8136B9}.Debug|x86.Build.0 = Debug|Any CPU
		{A6A5944F-AA89-446B-813A-5C4AFA8136B9}.Release|Any CPU.ActiveCfg = Release|Any CPU
		{A6A5944F-AA89-446B-813A-5C4AFA8136B9}.Release|Any CPU.Build.0 = Release|Any CPU
		{A6A5944F-AA89-446B-813A-5C4AFA8136B9}.Release|ARM.ActiveCfg = Release|Any CPU
		{A6A5944F-AA89-446B-813A-5C4AFA8136B9}.Release|ARM.Build.0 = Release|Any CPU
		{A6A5944F-AA89-446B-813A-5C4AFA8136B9}.Release|x64.ActiveCfg = Release|Any CPU
		{A6A5944F-AA89-446B-813A-5C4AFA8136B9}.Release|x64.Build.0 = Release|Any CPU
		{A6A5944F-AA89-446B-813A-5C4AFA8136B9}.Release|x86.ActiveCfg = Release|Any CPU
		{A6A5944F-AA89-446B-813A-5C4AFA8136B9}.Release|x86.Build.0 = Release|Any CPU
		{A9421E49-96CA-4F2C-B712-BB8890F41208}.Debug|Any CPU.ActiveCfg = Debug|Any CPU
		{A9421E49-96CA-4F2C-B712-BB8890F41208}.Debug|Any CPU.Build.0 = Debug|Any CPU
		{A9421E49-96CA-4F2C-B712-BB8890F41208}.Debug|ARM.ActiveCfg = Debug|Any CPU
		{A9421E49-96CA-4F2C-B712-BB8890F41208}.Debug|ARM.Build.0 = Debug|Any CPU
		{A9421E49-96CA-4F2C-B712-BB8890F41208}.Debug|x64.ActiveCfg = Debug|Any CPU
		{A9421E49-96CA-4F2C-B712-BB8890F41208}.Debug|x64.Build.0 = Debug|Any CPU
		{A9421E49-96CA-4F2C-B712-BB8890F41208}.Debug|x86.ActiveCfg = Debug|Any CPU
		{A9421E49-96CA-4F2C-B712-BB8890F41208}.Debug|x86.Build.0 = Debug|Any CPU
		{A9421E49-96CA-4F2C-B712-BB8890F41208}.Release|Any CPU.ActiveCfg = Release|Any CPU
		{A9421E49-96CA-4F2C-B712-BB8890F41208}.Release|Any CPU.Build.0 = Release|Any CPU
		{A9421E49-96CA-4F2C-B712-BB8890F41208}.Release|ARM.ActiveCfg = Release|Any CPU
		{A9421E49-96CA-4F2C-B712-BB8890F41208}.Release|ARM.Build.0 = Release|Any CPU
		{A9421E49-96CA-4F2C-B712-BB8890F41208}.Release|x64.ActiveCfg = Release|Any CPU
		{A9421E49-96CA-4F2C-B712-BB8890F41208}.Release|x64.Build.0 = Release|Any CPU
		{A9421E49-96CA-4F2C-B712-BB8890F41208}.Release|x86.ActiveCfg = Release|Any CPU
		{A9421E49-96CA-4F2C-B712-BB8890F41208}.Release|x86.Build.0 = Release|Any CPU
		{3757559E-02F0-4244-A207-5B963FBD5E16}.Debug|Any CPU.ActiveCfg = Debug|Any CPU
		{3757559E-02F0-4244-A207-5B963FBD5E16}.Debug|Any CPU.Build.0 = Debug|Any CPU
		{3757559E-02F0-4244-A207-5B963FBD5E16}.Debug|ARM.ActiveCfg = Debug|Any CPU
		{3757559E-02F0-4244-A207-5B963FBD5E16}.Debug|ARM.Build.0 = Debug|Any CPU
		{3757559E-02F0-4244-A207-5B963FBD5E16}.Debug|x64.ActiveCfg = Debug|Any CPU
		{3757559E-02F0-4244-A207-5B963FBD5E16}.Debug|x64.Build.0 = Debug|Any CPU
		{3757559E-02F0-4244-A207-5B963FBD5E16}.Debug|x86.ActiveCfg = Debug|Any CPU
		{3757559E-02F0-4244-A207-5B963FBD5E16}.Debug|x86.Build.0 = Debug|Any CPU
		{3757559E-02F0-4244-A207-5B963FBD5E16}.Release|Any CPU.ActiveCfg = Release|Any CPU
		{3757559E-02F0-4244-A207-5B963FBD5E16}.Release|Any CPU.Build.0 = Release|Any CPU
		{3757559E-02F0-4244-A207-5B963FBD5E16}.Release|ARM.ActiveCfg = Release|Any CPU
		{3757559E-02F0-4244-A207-5B963FBD5E16}.Release|ARM.Build.0 = Release|Any CPU
		{3757559E-02F0-4244-A207-5B963FBD5E16}.Release|x64.ActiveCfg = Release|Any CPU
		{3757559E-02F0-4244-A207-5B963FBD5E16}.Release|x64.Build.0 = Release|Any CPU
		{3757559E-02F0-4244-A207-5B963FBD5E16}.Release|x86.ActiveCfg = Release|Any CPU
		{3757559E-02F0-4244-A207-5B963FBD5E16}.Release|x86.Build.0 = Release|Any CPU
		{26C68575-4E78-4467-9C32-874B1BDB368C}.Debug|Any CPU.ActiveCfg = Debug|Any CPU
		{26C68575-4E78-4467-9C32-874B1BDB368C}.Debug|Any CPU.Build.0 = Debug|Any CPU
		{26C68575-4E78-4467-9C32-874B1BDB368C}.Debug|ARM.ActiveCfg = Debug|Any CPU
		{26C68575-4E78-4467-9C32-874B1BDB368C}.Debug|ARM.Build.0 = Debug|Any CPU
		{26C68575-4E78-4467-9C32-874B1BDB368C}.Debug|x64.ActiveCfg = Debug|Any CPU
		{26C68575-4E78-4467-9C32-874B1BDB368C}.Debug|x64.Build.0 = Debug|Any CPU
		{26C68575-4E78-4467-9C32-874B1BDB368C}.Debug|x86.ActiveCfg = Debug|Any CPU
		{26C68575-4E78-4467-9C32-874B1BDB368C}.Debug|x86.Build.0 = Debug|Any CPU
		{26C68575-4E78-4467-9C32-874B1BDB368C}.Release|Any CPU.ActiveCfg = Release|Any CPU
		{26C68575-4E78-4467-9C32-874B1BDB368C}.Release|Any CPU.Build.0 = Release|Any CPU
		{26C68575-4E78-4467-9C32-874B1BDB368C}.Release|ARM.ActiveCfg = Release|Any CPU
		{26C68575-4E78-4467-9C32-874B1BDB368C}.Release|ARM.Build.0 = Release|Any CPU
		{26C68575-4E78-4467-9C32-874B1BDB368C}.Release|x64.ActiveCfg = Release|Any CPU
		{26C68575-4E78-4467-9C32-874B1BDB368C}.Release|x64.Build.0 = Release|Any CPU
		{26C68575-4E78-4467-9C32-874B1BDB368C}.Release|x86.ActiveCfg = Release|Any CPU
		{26C68575-4E78-4467-9C32-874B1BDB368C}.Release|x86.Build.0 = Release|Any CPU
		{C1D56EA7-49B9-499B-A498-D63830CD98CE}.Debug|Any CPU.ActiveCfg = Debug|Any CPU
		{C1D56EA7-49B9-499B-A498-D63830CD98CE}.Debug|Any CPU.Build.0 = Debug|Any CPU
		{C1D56EA7-49B9-499B-A498-D63830CD98CE}.Debug|ARM.ActiveCfg = Debug|Any CPU
		{C1D56EA7-49B9-499B-A498-D63830CD98CE}.Debug|ARM.Build.0 = Debug|Any CPU
		{C1D56EA7-49B9-499B-A498-D63830CD98CE}.Debug|x64.ActiveCfg = Debug|Any CPU
		{C1D56EA7-49B9-499B-A498-D63830CD98CE}.Debug|x64.Build.0 = Debug|Any CPU
		{C1D56EA7-49B9-499B-A498-D63830CD98CE}.Debug|x86.ActiveCfg = Debug|Any CPU
		{C1D56EA7-49B9-499B-A498-D63830CD98CE}.Debug|x86.Build.0 = Debug|Any CPU
		{C1D56EA7-49B9-499B-A498-D63830CD98CE}.Release|Any CPU.ActiveCfg = Release|Any CPU
		{C1D56EA7-49B9-499B-A498-D63830CD98CE}.Release|Any CPU.Build.0 = Release|Any CPU
		{C1D56EA7-49B9-499B-A498-D63830CD98CE}.Release|ARM.ActiveCfg = Release|Any CPU
		{C1D56EA7-49B9-499B-A498-D63830CD98CE}.Release|ARM.Build.0 = Release|Any CPU
		{C1D56EA7-49B9-499B-A498-D63830CD98CE}.Release|x64.ActiveCfg = Release|Any CPU
		{C1D56EA7-49B9-499B-A498-D63830CD98CE}.Release|x64.Build.0 = Release|Any CPU
		{C1D56EA7-49B9-499B-A498-D63830CD98CE}.Release|x86.ActiveCfg = Release|Any CPU
		{C1D56EA7-49B9-499B-A498-D63830CD98CE}.Release|x86.Build.0 = Release|Any CPU
		{28A0B585-08F7-4891-A267-C05A8E9DB722}.Debug|Any CPU.ActiveCfg = Debug|Any CPU
		{28A0B585-08F7-4891-A267-C05A8E9DB722}.Debug|Any CPU.Build.0 = Debug|Any CPU
		{28A0B585-08F7-4891-A267-C05A8E9DB722}.Debug|ARM.ActiveCfg = Debug|Any CPU
		{28A0B585-08F7-4891-A267-C05A8E9DB722}.Debug|ARM.Build.0 = Debug|Any CPU
		{28A0B585-08F7-4891-A267-C05A8E9DB722}.Debug|x64.ActiveCfg = Debug|Any CPU
		{28A0B585-08F7-4891-A267-C05A8E9DB722}.Debug|x64.Build.0 = Debug|Any CPU
		{28A0B585-08F7-4891-A267-C05A8E9DB722}.Debug|x86.ActiveCfg = Debug|Any CPU
		{28A0B585-08F7-4891-A267-C05A8E9DB722}.Debug|x86.Build.0 = Debug|Any CPU
		{28A0B585-08F7-4891-A267-C05A8E9DB722}.Release|Any CPU.ActiveCfg = Release|Any CPU
		{28A0B585-08F7-4891-A267-C05A8E9DB722}.Release|Any CPU.Build.0 = Release|Any CPU
		{28A0B585-08F7-4891-A267-C05A8E9DB722}.Release|ARM.ActiveCfg = Release|Any CPU
		{28A0B585-08F7-4891-A267-C05A8E9DB722}.Release|ARM.Build.0 = Release|Any CPU
		{28A0B585-08F7-4891-A267-C05A8E9DB722}.Release|x64.ActiveCfg = Release|Any CPU
		{28A0B585-08F7-4891-A267-C05A8E9DB722}.Release|x64.Build.0 = Release|Any CPU
		{28A0B585-08F7-4891-A267-C05A8E9DB722}.Release|x86.ActiveCfg = Release|Any CPU
		{28A0B585-08F7-4891-A267-C05A8E9DB722}.Release|x86.Build.0 = Release|Any CPU
		{D4195ED0-9ED8-4A78-B5C9-DBE9E94132F5}.Debug|Any CPU.ActiveCfg = Debug|Any CPU
		{D4195ED0-9ED8-4A78-B5C9-DBE9E94132F5}.Debug|Any CPU.Build.0 = Debug|Any CPU
		{D4195ED0-9ED8-4A78-B5C9-DBE9E94132F5}.Debug|ARM.ActiveCfg = Debug|Any CPU
		{D4195ED0-9ED8-4A78-B5C9-DBE9E94132F5}.Debug|ARM.Build.0 = Debug|Any CPU
		{D4195ED0-9ED8-4A78-B5C9-DBE9E94132F5}.Debug|x64.ActiveCfg = Debug|Any CPU
		{D4195ED0-9ED8-4A78-B5C9-DBE9E94132F5}.Debug|x64.Build.0 = Debug|Any CPU
		{D4195ED0-9ED8-4A78-B5C9-DBE9E94132F5}.Debug|x86.ActiveCfg = Debug|Any CPU
		{D4195ED0-9ED8-4A78-B5C9-DBE9E94132F5}.Debug|x86.Build.0 = Debug|Any CPU
		{D4195ED0-9ED8-4A78-B5C9-DBE9E94132F5}.Release|Any CPU.ActiveCfg = Release|Any CPU
		{D4195ED0-9ED8-4A78-B5C9-DBE9E94132F5}.Release|Any CPU.Build.0 = Release|Any CPU
		{D4195ED0-9ED8-4A78-B5C9-DBE9E94132F5}.Release|ARM.ActiveCfg = Release|Any CPU
		{D4195ED0-9ED8-4A78-B5C9-DBE9E94132F5}.Release|ARM.Build.0 = Release|Any CPU
		{D4195ED0-9ED8-4A78-B5C9-DBE9E94132F5}.Release|x64.ActiveCfg = Release|Any CPU
		{D4195ED0-9ED8-4A78-B5C9-DBE9E94132F5}.Release|x64.Build.0 = Release|Any CPU
		{D4195ED0-9ED8-4A78-B5C9-DBE9E94132F5}.Release|x86.ActiveCfg = Release|Any CPU
		{D4195ED0-9ED8-4A78-B5C9-DBE9E94132F5}.Release|x86.Build.0 = Release|Any CPU
		{46FDDE79-CC90-4F7E-B37D-673C5405428A}.Debug|Any CPU.ActiveCfg = Debug|Any CPU
		{46FDDE79-CC90-4F7E-B37D-673C5405428A}.Debug|Any CPU.Build.0 = Debug|Any CPU
		{46FDDE79-CC90-4F7E-B37D-673C5405428A}.Debug|ARM.ActiveCfg = Debug|Any CPU
		{46FDDE79-CC90-4F7E-B37D-673C5405428A}.Debug|ARM.Build.0 = Debug|Any CPU
		{46FDDE79-CC90-4F7E-B37D-673C5405428A}.Debug|x64.ActiveCfg = Debug|Any CPU
		{46FDDE79-CC90-4F7E-B37D-673C5405428A}.Debug|x64.Build.0 = Debug|Any CPU
		{46FDDE79-CC90-4F7E-B37D-673C5405428A}.Debug|x86.ActiveCfg = Debug|Any CPU
		{46FDDE79-CC90-4F7E-B37D-673C5405428A}.Debug|x86.Build.0 = Debug|Any CPU
		{46FDDE79-CC90-4F7E-B37D-673C5405428A}.Release|Any CPU.ActiveCfg = Release|Any CPU
		{46FDDE79-CC90-4F7E-B37D-673C5405428A}.Release|Any CPU.Build.0 = Release|Any CPU
		{46FDDE79-CC90-4F7E-B37D-673C5405428A}.Release|ARM.ActiveCfg = Release|Any CPU
		{46FDDE79-CC90-4F7E-B37D-673C5405428A}.Release|ARM.Build.0 = Release|Any CPU
		{46FDDE79-CC90-4F7E-B37D-673C5405428A}.Release|x64.ActiveCfg = Release|Any CPU
		{46FDDE79-CC90-4F7E-B37D-673C5405428A}.Release|x64.Build.0 = Release|Any CPU
		{46FDDE79-CC90-4F7E-B37D-673C5405428A}.Release|x86.ActiveCfg = Release|Any CPU
		{46FDDE79-CC90-4F7E-B37D-673C5405428A}.Release|x86.Build.0 = Release|Any CPU
		{581410AD-F8BE-4AF5-A4C8-179C724BEB24}.Debug|Any CPU.ActiveCfg = Debug|Any CPU
		{581410AD-F8BE-4AF5-A4C8-179C724BEB24}.Debug|Any CPU.Build.0 = Debug|Any CPU
		{581410AD-F8BE-4AF5-A4C8-179C724BEB24}.Debug|ARM.ActiveCfg = Debug|Any CPU
		{581410AD-F8BE-4AF5-A4C8-179C724BEB24}.Debug|ARM.Build.0 = Debug|Any CPU
		{581410AD-F8BE-4AF5-A4C8-179C724BEB24}.Debug|x64.ActiveCfg = Debug|Any CPU
		{581410AD-F8BE-4AF5-A4C8-179C724BEB24}.Debug|x64.Build.0 = Debug|Any CPU
		{581410AD-F8BE-4AF5-A4C8-179C724BEB24}.Debug|x86.ActiveCfg = Debug|Any CPU
		{581410AD-F8BE-4AF5-A4C8-179C724BEB24}.Debug|x86.Build.0 = Debug|Any CPU
		{581410AD-F8BE-4AF5-A4C8-179C724BEB24}.Release|Any CPU.ActiveCfg = Release|Any CPU
		{581410AD-F8BE-4AF5-A4C8-179C724BEB24}.Release|Any CPU.Build.0 = Release|Any CPU
		{581410AD-F8BE-4AF5-A4C8-179C724BEB24}.Release|ARM.ActiveCfg = Release|Any CPU
		{581410AD-F8BE-4AF5-A4C8-179C724BEB24}.Release|ARM.Build.0 = Release|Any CPU
		{581410AD-F8BE-4AF5-A4C8-179C724BEB24}.Release|x64.ActiveCfg = Release|Any CPU
		{581410AD-F8BE-4AF5-A4C8-179C724BEB24}.Release|x64.Build.0 = Release|Any CPU
		{581410AD-F8BE-4AF5-A4C8-179C724BEB24}.Release|x86.ActiveCfg = Release|Any CPU
		{581410AD-F8BE-4AF5-A4C8-179C724BEB24}.Release|x86.Build.0 = Release|Any CPU
		{A889D733-930C-4E94-B9C2-EC587D1A08FD}.Debug|Any CPU.ActiveCfg = Debug|Any CPU
		{A889D733-930C-4E94-B9C2-EC587D1A08FD}.Debug|Any CPU.Build.0 = Debug|Any CPU
		{A889D733-930C-4E94-B9C2-EC587D1A08FD}.Debug|ARM.ActiveCfg = Debug|Any CPU
		{A889D733-930C-4E94-B9C2-EC587D1A08FD}.Debug|ARM.Build.0 = Debug|Any CPU
		{A889D733-930C-4E94-B9C2-EC587D1A08FD}.Debug|x64.ActiveCfg = Debug|Any CPU
		{A889D733-930C-4E94-B9C2-EC587D1A08FD}.Debug|x64.Build.0 = Debug|Any CPU
		{A889D733-930C-4E94-B9C2-EC587D1A08FD}.Debug|x86.ActiveCfg = Debug|Any CPU
		{A889D733-930C-4E94-B9C2-EC587D1A08FD}.Debug|x86.Build.0 = Debug|Any CPU
		{A889D733-930C-4E94-B9C2-EC587D1A08FD}.Release|Any CPU.ActiveCfg = Release|Any CPU
		{A889D733-930C-4E94-B9C2-EC587D1A08FD}.Release|Any CPU.Build.0 = Release|Any CPU
		{A889D733-930C-4E94-B9C2-EC587D1A08FD}.Release|ARM.ActiveCfg = Release|Any CPU
		{A889D733-930C-4E94-B9C2-EC587D1A08FD}.Release|ARM.Build.0 = Release|Any CPU
		{A889D733-930C-4E94-B9C2-EC587D1A08FD}.Release|x64.ActiveCfg = Release|Any CPU
		{A889D733-930C-4E94-B9C2-EC587D1A08FD}.Release|x64.Build.0 = Release|Any CPU
		{A889D733-930C-4E94-B9C2-EC587D1A08FD}.Release|x86.ActiveCfg = Release|Any CPU
		{A889D733-930C-4E94-B9C2-EC587D1A08FD}.Release|x86.Build.0 = Release|Any CPU
		{86975D89-8AA9-4F86-B785-CBECE9B8D8A5}.Debug|Any CPU.ActiveCfg = Debug|Any CPU
		{86975D89-8AA9-4F86-B785-CBECE9B8D8A5}.Debug|Any CPU.Build.0 = Debug|Any CPU
		{86975D89-8AA9-4F86-B785-CBECE9B8D8A5}.Debug|ARM.ActiveCfg = Debug|Any CPU
		{86975D89-8AA9-4F86-B785-CBECE9B8D8A5}.Debug|ARM.Build.0 = Debug|Any CPU
		{86975D89-8AA9-4F86-B785-CBECE9B8D8A5}.Debug|x64.ActiveCfg = Debug|Any CPU
		{86975D89-8AA9-4F86-B785-CBECE9B8D8A5}.Debug|x64.Build.0 = Debug|Any CPU
		{86975D89-8AA9-4F86-B785-CBECE9B8D8A5}.Debug|x86.ActiveCfg = Debug|Any CPU
		{86975D89-8AA9-4F86-B785-CBECE9B8D8A5}.Debug|x86.Build.0 = Debug|Any CPU
		{86975D89-8AA9-4F86-B785-CBECE9B8D8A5}.Release|Any CPU.ActiveCfg = Release|Any CPU
		{86975D89-8AA9-4F86-B785-CBECE9B8D8A5}.Release|Any CPU.Build.0 = Release|Any CPU
		{86975D89-8AA9-4F86-B785-CBECE9B8D8A5}.Release|ARM.ActiveCfg = Release|Any CPU
		{86975D89-8AA9-4F86-B785-CBECE9B8D8A5}.Release|ARM.Build.0 = Release|Any CPU
		{86975D89-8AA9-4F86-B785-CBECE9B8D8A5}.Release|x64.ActiveCfg = Release|Any CPU
		{86975D89-8AA9-4F86-B785-CBECE9B8D8A5}.Release|x64.Build.0 = Release|Any CPU
		{86975D89-8AA9-4F86-B785-CBECE9B8D8A5}.Release|x86.ActiveCfg = Release|Any CPU
		{86975D89-8AA9-4F86-B785-CBECE9B8D8A5}.Release|x86.Build.0 = Release|Any CPU
		{AC67BE14-18DF-411D-8648-584814F9BC5B}.Debug|Any CPU.ActiveCfg = Debug|Any CPU
		{AC67BE14-18DF-411D-8648-584814F9BC5B}.Debug|Any CPU.Build.0 = Debug|Any CPU
		{AC67BE14-18DF-411D-8648-584814F9BC5B}.Debug|ARM.ActiveCfg = Debug|Any CPU
		{AC67BE14-18DF-411D-8648-584814F9BC5B}.Debug|ARM.Build.0 = Debug|Any CPU
		{AC67BE14-18DF-411D-8648-584814F9BC5B}.Debug|x64.ActiveCfg = Debug|Any CPU
		{AC67BE14-18DF-411D-8648-584814F9BC5B}.Debug|x64.Build.0 = Debug|Any CPU
		{AC67BE14-18DF-411D-8648-584814F9BC5B}.Debug|x86.ActiveCfg = Debug|Any CPU
		{AC67BE14-18DF-411D-8648-584814F9BC5B}.Debug|x86.Build.0 = Debug|Any CPU
		{AC67BE14-18DF-411D-8648-584814F9BC5B}.Release|Any CPU.ActiveCfg = Release|Any CPU
		{AC67BE14-18DF-411D-8648-584814F9BC5B}.Release|Any CPU.Build.0 = Release|Any CPU
		{AC67BE14-18DF-411D-8648-584814F9BC5B}.Release|ARM.ActiveCfg = Release|Any CPU
		{AC67BE14-18DF-411D-8648-584814F9BC5B}.Release|ARM.Build.0 = Release|Any CPU
		{AC67BE14-18DF-411D-8648-584814F9BC5B}.Release|x64.ActiveCfg = Release|Any CPU
		{AC67BE14-18DF-411D-8648-584814F9BC5B}.Release|x64.Build.0 = Release|Any CPU
		{AC67BE14-18DF-411D-8648-584814F9BC5B}.Release|x86.ActiveCfg = Release|Any CPU
		{AC67BE14-18DF-411D-8648-584814F9BC5B}.Release|x86.Build.0 = Release|Any CPU
		{87E2E64D-271D-4273-ADF4-6D72E5A2FDAC}.Debug|Any CPU.ActiveCfg = Debug|Any CPU
		{87E2E64D-271D-4273-ADF4-6D72E5A2FDAC}.Debug|Any CPU.Build.0 = Debug|Any CPU
		{87E2E64D-271D-4273-ADF4-6D72E5A2FDAC}.Debug|ARM.ActiveCfg = Debug|Any CPU
		{87E2E64D-271D-4273-ADF4-6D72E5A2FDAC}.Debug|ARM.Build.0 = Debug|Any CPU
		{87E2E64D-271D-4273-ADF4-6D72E5A2FDAC}.Debug|x64.ActiveCfg = Debug|Any CPU
		{87E2E64D-271D-4273-ADF4-6D72E5A2FDAC}.Debug|x64.Build.0 = Debug|Any CPU
		{87E2E64D-271D-4273-ADF4-6D72E5A2FDAC}.Debug|x86.ActiveCfg = Debug|Any CPU
		{87E2E64D-271D-4273-ADF4-6D72E5A2FDAC}.Debug|x86.Build.0 = Debug|Any CPU
		{87E2E64D-271D-4273-ADF4-6D72E5A2FDAC}.Release|Any CPU.ActiveCfg = Release|Any CPU
		{87E2E64D-271D-4273-ADF4-6D72E5A2FDAC}.Release|Any CPU.Build.0 = Release|Any CPU
		{87E2E64D-271D-4273-ADF4-6D72E5A2FDAC}.Release|ARM.ActiveCfg = Release|Any CPU
		{87E2E64D-271D-4273-ADF4-6D72E5A2FDAC}.Release|ARM.Build.0 = Release|Any CPU
		{87E2E64D-271D-4273-ADF4-6D72E5A2FDAC}.Release|x64.ActiveCfg = Release|Any CPU
		{87E2E64D-271D-4273-ADF4-6D72E5A2FDAC}.Release|x64.Build.0 = Release|Any CPU
		{87E2E64D-271D-4273-ADF4-6D72E5A2FDAC}.Release|x86.ActiveCfg = Release|Any CPU
		{87E2E64D-271D-4273-ADF4-6D72E5A2FDAC}.Release|x86.Build.0 = Release|Any CPU
	EndGlobalSection
	GlobalSection(SolutionProperties) = preSolution
		HideSolutionNode = FALSE
	EndGlobalSection
	GlobalSection(NestedProjects) = preSolution
		{45EB461B-3AC7-4EB5-B098-D8CF0AE92C95} = {D2677D27-EBA6-49CA-9BED-003130A71A9D}
		{0EC6A495-2069-4742-8617-0A9BE3056B5E} = {D2677D27-EBA6-49CA-9BED-003130A71A9D}
		{5084C3A9-CB79-4B96-A818-F65D0FE9E5D8} = {D2677D27-EBA6-49CA-9BED-003130A71A9D}
		{EA6527E2-DE0C-4424-A82C-D39EC06C857D} = {A64CB38C-F6D6-4B59-A575-86BFD58B28BC}
		{7D667D0E-14DB-479B-8C02-978BE470E9D5} = {0EC6A495-2069-4742-8617-0A9BE3056B5E}
		{FD390A2A-D2C1-4819-93D5-75DC39E405CE} = {45EB461B-3AC7-4EB5-B098-D8CF0AE92C95}
		{47ACB66F-9134-46B3-BE89-3844677F61DB} = {45EB461B-3AC7-4EB5-B098-D8CF0AE92C95}
		{B668AF24-43CB-4932-9ED6-9F14ED69776F} = {45EB461B-3AC7-4EB5-B098-D8CF0AE92C95}
		{CD0F4EDC-C0EC-4AA1-87E2-2281846DD352} = {5084C3A9-CB79-4B96-A818-F65D0FE9E5D8}
		{D8D90306-F5E9-4910-996A-D7F2246BFFA1} = {5084C3A9-CB79-4B96-A818-F65D0FE9E5D8}
		{3A4F9589-BB00-428B-84EA-647B07087B71} = {0EC6A495-2069-4742-8617-0A9BE3056B5E}
		{93C643A5-239A-4876-B6DC-C47374C359AD} = {0EC6A495-2069-4742-8617-0A9BE3056B5E}
		{0E150E8F-B32F-4B20-8C9F-5F4EFD0C1366} = {E807ED07-F78F-401C-A980-86F57D463416}
		{4125DC4E-F0C2-4993-A6A9-3ADCB36C7223} = {1C888D91-84DA-43C7-BE45-39C5E5F4ED35}
		{7BC47645-34F6-4C6B-8528-D114ED57ED8D} = {E807ED07-F78F-401C-A980-86F57D463416}
		{A6A5944F-AA89-446B-813A-5C4AFA8136B9} = {FAA56F04-385A-4F2A-ABE7-74F2F03E48CF}
		{A9421E49-96CA-4F2C-B712-BB8890F41208} = {D2018E55-7184-41FA-A9E8-837EDDFE9E9B}
		{3757559E-02F0-4244-A207-5B963FBD5E16} = {D2018E55-7184-41FA-A9E8-837EDDFE9E9B}
		{26C68575-4E78-4467-9C32-874B1BDB368C} = {1C888D91-84DA-43C7-BE45-39C5E5F4ED35}
		{C1D56EA7-49B9-499B-A498-D63830CD98CE} = {E807ED07-F78F-401C-A980-86F57D463416}
		{28A0B585-08F7-4891-A267-C05A8E9DB722} = {45EB461B-3AC7-4EB5-B098-D8CF0AE92C95}
		{D4195ED0-9ED8-4A78-B5C9-DBE9E94132F5} = {5084C3A9-CB79-4B96-A818-F65D0FE9E5D8}
		{46FDDE79-CC90-4F7E-B37D-673C5405428A} = {0EC6A495-2069-4742-8617-0A9BE3056B5E}
		{581410AD-F8BE-4AF5-A4C8-179C724BEB24} = {1C888D91-84DA-43C7-BE45-39C5E5F4ED35}
		{A889D733-930C-4E94-B9C2-EC587D1A08FD} = {A64CB38C-F6D6-4B59-A575-86BFD58B28BC}
		{86975D89-8AA9-4F86-B785-CBECE9B8D8A5} = {E807ED07-F78F-401C-A980-86F57D463416}
		{AC67BE14-18DF-411D-8648-584814F9BC5B} = {A64CB38C-F6D6-4B59-A575-86BFD58B28BC}
	EndGlobalSection
EndGlobal
